
Microsoft Visual Studio Solution File, Format Version 12.00
# Visual Studio Version 17
VisualStudioVersion = 17.13.35913.81 d17.13
MinimumVisualStudioVersion = 10.0.40219.1
Project("{FAE04EC0-301F-11D3-BF4B-00C04F79EFBC}") = "MauiCalculadora", "MauiCalculadora\MauiCalculadora.csproj", "{1C858FF6-C8D5-4B8F-B95E-DE1F94D5EC8F}"
EndProject
Global
	GlobalSection(SolutionConfigurationPlatforms) = preSolution
		Debug|Any CPU = Debug|Any CPU
		Release|Any CPU = Release|Any CPU
	EndGlobalSection
	GlobalSection(ProjectConfigurationPlatforms) = postSolution
		{1C858FF6-C8D5-4B8F-B95E-DE1F94D5EC8F}.Debug|Any CPU.ActiveCfg = Debug|Any CPU
		{1C858FF6-C8D5-4B8F-B95E-DE1F94D5EC8F}.Debug|Any CPU.Build.0 = Debug|Any CPU
		{1C858FF6-C8D5-4B8F-B95E-DE1F94D5EC8F}.Debug|Any CPU.Deploy.0 = Debug|Any CPU
		{1C858FF6-C8D5-4B8F-B95E-DE1F94D5EC8F}.Release|Any CPU.ActiveCfg = Release|Any CPU
		{1C858FF6-C8D5-4B8F-B95E-DE1F94D5EC8F}.Release|Any CPU.Build.0 = Release|Any CPU
		{1C858FF6-C8D5-4B8F-B95E-DE1F94D5EC8F}.Release|Any CPU.Deploy.0 = Release|Any CPU
	EndGlobalSection
	GlobalSection(SolutionProperties) = preSolution
		HideSolutionNode = FALSE
	EndGlobalSection
	GlobalSection(ExtensibilityGlobals) = postSolution
		SolutionGuid = {FDDFF8F4-3AAF-46BA-BF50-4A0AA055B018}
	EndGlobalSection
EndGlobal
